// !$*UTF8*$!
{
	archiveVersion = 1;
	classes = {
	};
	objectVersion = 56;
	objects = {

/* Begin PBXBuildFile section */
		2E17564D2C7E6A9F00992BA2 /* LocationManager.swift in Sources */ = {isa = PBXBuildFile; fileRef = 2E17564C2C7E6A9F00992BA2 /* LocationManager.swift */; };
		2E75BD542C787A250012A8CD /* LokmaLivesApp.swift in Sources */ = {isa = PBXBuildFile; fileRef = 2E75BD532C787A250012A8CD /* LokmaLivesApp.swift */; };
		2E75BD562C787A250012A8CD /* MenuView.swift in Sources */ = {isa = PBXBuildFile; fileRef = 2E75BD552C787A250012A8CD /* MenuView.swift */; };
		2E75BD582C787A260012A8CD /* Assets.xcassets in Resources */ = {isa = PBXBuildFile; fileRef = 2E75BD572C787A260012A8CD /* Assets.xcassets */; };
		2E75BD5B2C787A260012A8CD /* Preview Assets.xcassets in Resources */ = {isa = PBXBuildFile; fileRef = 2E75BD5A2C787A260012A8CD /* Preview Assets.xcassets */; };
		2E75BD652C787A270012A8CD /* LokmaLivesTests.swift in Sources */ = {isa = PBXBuildFile; fileRef = 2E75BD642C787A270012A8CD /* LokmaLivesTests.swift */; };
		2E75BD6F2C787A270012A8CD /* LokmaLivesUITests.swift in Sources */ = {isa = PBXBuildFile; fileRef = 2E75BD6E2C787A270012A8CD /* LokmaLivesUITests.swift */; };
		2E75BD712C787A270012A8CD /* LokmaLivesUITestsLaunchTests.swift in Sources */ = {isa = PBXBuildFile; fileRef = 2E75BD702C787A270012A8CD /* LokmaLivesUITestsLaunchTests.swift */; };
		2E75BD802C78853B0012A8CD /* ButtonView.swift in Sources */ = {isa = PBXBuildFile; fileRef = 2E75BD7F2C78853B0012A8CD /* ButtonView.swift */; };
		2E75BD862C7894B60012A8CD /* VetVaultView.swift in Sources */ = {isa = PBXBuildFile; fileRef = 2E75BD852C7894B60012A8CD /* VetVaultView.swift */; };
		2E75BD882C7894D10012A8CD /* FindMyCatView.swift in Sources */ = {isa = PBXBuildFile; fileRef = 2E75BD872C7894D10012A8CD /* FindMyCatView.swift */; };
		2E75BD8A2C7894E30012A8CD /* CatCareTipsView.swift in Sources */ = {isa = PBXBuildFile; fileRef = 2E75BD892C7894E30012A8CD /* CatCareTipsView.swift */; };
		2E9F60CA2C7BF91000A1B715 /* HomeView.swift in Sources */ = {isa = PBXBuildFile; fileRef = 2E9F60C92C7BF91000A1B715 /* HomeView.swift */; };
		2E9F60CC2C7BFF1D00A1B715 /* MainView.swift in Sources */ = {isa = PBXBuildFile; fileRef = 2E9F60CB2C7BFF1D00A1B715 /* MainView.swift */; };
		2E9F60D02C7C046900A1B715 /* ImageCarouselView.swift in Sources */ = {isa = PBXBuildFile; fileRef = 2E9F60CF2C7C046900A1B715 /* ImageCarouselView.swift */; };
		2E9F60D22C7D195600A1B715 /* Raleway-Regular.ttf in Resources */ = {isa = PBXBuildFile; fileRef = 2E9F60D12C7D194A00A1B715 /* Raleway-Regular.ttf */; };
		2E9F60D42C7D25A700A1B715 /* Raleway-Medium.ttf in Resources */ = {isa = PBXBuildFile; fileRef = 2E9F60D32C7D25A700A1B715 /* Raleway-Medium.ttf */; };
		2E9F60D62C7D298D00A1B715 /* Raleway-Bold.ttf in Resources */ = {isa = PBXBuildFile; fileRef = 2E9F60D52C7D298D00A1B715 /* Raleway-Bold.ttf */; };
		2EBA42D82C88FBCF00A8AAA4 /* PhotoPicker.swift in Sources */ = {isa = PBXBuildFile; fileRef = 2EBA42D72C88FBCF00A8AAA4 /* PhotoPicker.swift */; };
		2EBA42DA2C88FCE600A8AAA4 /* ImagePicker.swift in Sources */ = {isa = PBXBuildFile; fileRef = 2EBA42D92C88FCE600A8AAA4 /* ImagePicker.swift */; };
		2EBA42DC2C8911C900A8AAA4 /* CatCareTipsTemplate.swift in Sources */ = {isa = PBXBuildFile; fileRef = 2EBA42DB2C8911C900A8AAA4 /* CatCareTipsTemplate.swift */; };
		2EBA42DE2C89174900A8AAA4 /* LitterboxPreparing.swift in Sources */ = {isa = PBXBuildFile; fileRef = 2EBA42DD2C89174900A8AAA4 /* LitterboxPreparing.swift */; };
		2EBA42E02C89179800A8AAA4 /* PrimarySupplies.swift in Sources */ = {isa = PBXBuildFile; fileRef = 2EBA42DF2C89179800A8AAA4 /* PrimarySupplies.swift */; };
		2EBA42E22C89192800A8AAA4 /* LitterboxSelection.swift in Sources */ = {isa = PBXBuildFile; fileRef = 2EBA42E12C89192800A8AAA4 /* LitterboxSelection.swift */; };
		2EBA42E42C8919E500A8AAA4 /* TrainingKitAdu.swift in Sources */ = {isa = PBXBuildFile; fileRef = 2EBA42E32C8919E500A8AAA4 /* TrainingKitAdu.swift */; };
		2EBA42E62C891A4400A8AAA4 /* HandlingPottyAccidents.swift in Sources */ = {isa = PBXBuildFile; fileRef = 2EBA42E52C891A4400A8AAA4 /* HandlingPottyAccidents.swift */; };
		2EBA42E82C891A8F00A8AAA4 /* ChoosingCatFood.swift in Sources */ = {isa = PBXBuildFile; fileRef = 2EBA42E72C891A8F00A8AAA4 /* ChoosingCatFood.swift */; };
		2EBA42EA2C891AE700A8AAA4 /* DietaryNeedsByAge.swift in Sources */ = {isa = PBXBuildFile; fileRef = 2EBA42E92C891AE700A8AAA4 /* DietaryNeedsByAge.swift */; };
		2EBA42EC2C891B2800A8AAA4 /* ManagingOverweightCats.swift in Sources */ = {isa = PBXBuildFile; fileRef = 2EBA42EB2C891B2800A8AAA4 /* ManagingOverweightCats.swift */; };
		2EBA42EE2C891B6600A8AAA4 /* BrushingAndFurCare.swift in Sources */ = {isa = PBXBuildFile; fileRef = 2EBA42ED2C891B6600A8AAA4 /* BrushingAndFurCare.swift */; };
		2EBA42F02C891B7300A8AAA4 /* NailTrimmingTips.swift in Sources */ = {isa = PBXBuildFile; fileRef = 2EBA42EF2C891B7300A8AAA4 /* NailTrimmingTips.swift */; };
		2EBA42F22C891B7E00A8AAA4 /* MobilityAndJointHealth.swift in Sources */ = {isa = PBXBuildFile; fileRef = 2EBA42F12C891B7E00A8AAA4 /* MobilityAndJointHealth.swift */; };
		2EBA42F42C891B8200A8AAA4 /* SpecialCare.swift in Sources */ = {isa = PBXBuildFile; fileRef = 2EBA42F32C891B8200A8AAA4 /* SpecialCare.swift */; };
/* End PBXBuildFile section */

/* Begin PBXContainerItemProxy section */
		2E75BD612C787A270012A8CD /* PBXContainerItemProxy */ = {
			isa = PBXContainerItemProxy;
			containerPortal = 2E75BD482C787A250012A8CD /* Project object */;
			proxyType = 1;
			remoteGlobalIDString = 2E75BD4F2C787A250012A8CD;
			remoteInfo = LokmaLives;
		};
		2E75BD6B2C787A270012A8CD /* PBXContainerItemProxy */ = {
			isa = PBXContainerItemProxy;
			containerPortal = 2E75BD482C787A250012A8CD /* Project object */;
			proxyType = 1;
			remoteGlobalIDString = 2E75BD4F2C787A250012A8CD;
			remoteInfo = LokmaLives;
		};
/* End PBXContainerItemProxy section */

/* Begin PBXFileReference section */
		2E17564C2C7E6A9F00992BA2 /* LocationManager.swift */ = {isa = PBXFileReference; lastKnownFileType = sourcecode.swift; path = LocationManager.swift; sourceTree = "<group>"; };
		2E75BD502C787A250012A8CD /* LokmaLives.app */ = {isa = PBXFileReference; explicitFileType = wrapper.application; includeInIndex = 0; path = LokmaLives.app; sourceTree = BUILT_PRODUCTS_DIR; };
		2E75BD532C787A250012A8CD /* LokmaLivesApp.swift */ = {isa = PBXFileReference; lastKnownFileType = sourcecode.swift; path = LokmaLivesApp.swift; sourceTree = "<group>"; };
		2E75BD552C787A250012A8CD /* MenuView.swift */ = {isa = PBXFileReference; lastKnownFileType = sourcecode.swift; path = MenuView.swift; sourceTree = "<group>"; };
		2E75BD572C787A260012A8CD /* Assets.xcassets */ = {isa = PBXFileReference; lastKnownFileType = folder.assetcatalog; path = Assets.xcassets; sourceTree = "<group>"; };
		2E75BD5A2C787A260012A8CD /* Preview Assets.xcassets */ = {isa = PBXFileReference; lastKnownFileType = folder.assetcatalog; path = "Preview Assets.xcassets"; sourceTree = "<group>"; };
		2E75BD602C787A270012A8CD /* LokmaLivesTests.xctest */ = {isa = PBXFileReference; explicitFileType = wrapper.cfbundle; includeInIndex = 0; path = LokmaLivesTests.xctest; sourceTree = BUILT_PRODUCTS_DIR; };
		2E75BD642C787A270012A8CD /* LokmaLivesTests.swift */ = {isa = PBXFileReference; lastKnownFileType = sourcecode.swift; path = LokmaLivesTests.swift; sourceTree = "<group>"; };
		2E75BD6A2C787A270012A8CD /* LokmaLivesUITests.xctest */ = {isa = PBXFileReference; explicitFileType = wrapper.cfbundle; includeInIndex = 0; path = LokmaLivesUITests.xctest; sourceTree = BUILT_PRODUCTS_DIR; };
		2E75BD6E2C787A270012A8CD /* LokmaLivesUITests.swift */ = {isa = PBXFileReference; lastKnownFileType = sourcecode.swift; path = LokmaLivesUITests.swift; sourceTree = "<group>"; };
		2E75BD702C787A270012A8CD /* LokmaLivesUITestsLaunchTests.swift */ = {isa = PBXFileReference; lastKnownFileType = sourcecode.swift; path = LokmaLivesUITestsLaunchTests.swift; sourceTree = "<group>"; };
		2E75BD7F2C78853B0012A8CD /* ButtonView.swift */ = {isa = PBXFileReference; lastKnownFileType = sourcecode.swift; path = ButtonView.swift; sourceTree = "<group>"; };
		2E75BD852C7894B60012A8CD /* VetVaultView.swift */ = {isa = PBXFileReference; lastKnownFileType = sourcecode.swift; path = VetVaultView.swift; sourceTree = "<group>"; };
		2E75BD872C7894D10012A8CD /* FindMyCatView.swift */ = {isa = PBXFileReference; lastKnownFileType = sourcecode.swift; path = FindMyCatView.swift; sourceTree = "<group>"; };
		2E75BD892C7894E30012A8CD /* CatCareTipsView.swift */ = {isa = PBXFileReference; lastKnownFileType = sourcecode.swift; path = CatCareTipsView.swift; sourceTree = "<group>"; };
		2E9F60C92C7BF91000A1B715 /* HomeView.swift */ = {isa = PBXFileReference; lastKnownFileType = sourcecode.swift; path = HomeView.swift; sourceTree = "<group>"; };
		2E9F60CB2C7BFF1D00A1B715 /* MainView.swift */ = {isa = PBXFileReference; lastKnownFileType = sourcecode.swift; path = MainView.swift; sourceTree = "<group>"; };
		2E9F60CF2C7C046900A1B715 /* ImageCarouselView.swift */ = {isa = PBXFileReference; lastKnownFileType = sourcecode.swift; path = ImageCarouselView.swift; sourceTree = "<group>"; };
		2E9F60D12C7D194A00A1B715 /* Raleway-Regular.ttf */ = {isa = PBXFileReference; lastKnownFileType = file; name = "Raleway-Regular.ttf"; path = "../../../../Downloads/raleway/Raleway-Regular.ttf"; sourceTree = "<group>"; };
		2E9F60D32C7D25A700A1B715 /* Raleway-Medium.ttf */ = {isa = PBXFileReference; lastKnownFileType = file; name = "Raleway-Medium.ttf"; path = "../../../../Downloads/raleway/Raleway-Medium.ttf"; sourceTree = "<group>"; };
		2E9F60D52C7D298D00A1B715 /* Raleway-Bold.ttf */ = {isa = PBXFileReference; lastKnownFileType = file; name = "Raleway-Bold.ttf"; path = "../../../../Downloads/raleway/Raleway-Bold.ttf"; sourceTree = "<group>"; };
		2E9F60D72C7D2B1F00A1B715 /* Info.plist */ = {isa = PBXFileReference; lastKnownFileType = text.plist; path = Info.plist; sourceTree = "<group>"; };
		2EBA42D72C88FBCF00A8AAA4 /* PhotoPicker.swift */ = {isa = PBXFileReference; lastKnownFileType = sourcecode.swift; path = PhotoPicker.swift; sourceTree = "<group>"; };
		2EBA42D92C88FCE600A8AAA4 /* ImagePicker.swift */ = {isa = PBXFileReference; lastKnownFileType = sourcecode.swift; path = ImagePicker.swift; sourceTree = "<group>"; };
		2EBA42DB2C8911C900A8AAA4 /* CatCareTipsTemplate.swift */ = {isa = PBXFileReference; lastKnownFileType = sourcecode.swift; path = CatCareTipsTemplate.swift; sourceTree = "<group>"; };
		2EBA42DD2C89174900A8AAA4 /* LitterboxPreparing.swift */ = {isa = PBXFileReference; lastKnownFileType = sourcecode.swift; path = LitterboxPreparing.swift; sourceTree = "<group>"; };
		2EBA42DF2C89179800A8AAA4 /* PrimarySupplies.swift */ = {isa = PBXFileReference; lastKnownFileType = sourcecode.swift; path = PrimarySupplies.swift; sourceTree = "<group>"; };
		2EBA42E12C89192800A8AAA4 /* LitterboxSelection.swift */ = {isa = PBXFileReference; lastKnownFileType = sourcecode.swift; path = LitterboxSelection.swift; sourceTree = "<group>"; };
		2EBA42E32C8919E500A8AAA4 /* TrainingKitAdu.swift */ = {isa = PBXFileReference; lastKnownFileType = sourcecode.swift; path = TrainingKitAdu.swift; sourceTree = "<group>"; };
		2EBA42E52C891A4400A8AAA4 /* HandlingPottyAccidents.swift */ = {isa = PBXFileReference; lastKnownFileType = sourcecode.swift; path = HandlingPottyAccidents.swift; sourceTree = "<group>"; };
		2EBA42E72C891A8F00A8AAA4 /* ChoosingCatFood.swift */ = {isa = PBXFileReference; lastKnownFileType = sourcecode.swift; path = ChoosingCatFood.swift; sourceTree = "<group>"; };
		2EBA42E92C891AE700A8AAA4 /* DietaryNeedsByAge.swift */ = {isa = PBXFileReference; lastKnownFileType = sourcecode.swift; path = DietaryNeedsByAge.swift; sourceTree = "<group>"; };
		2EBA42EB2C891B2800A8AAA4 /* ManagingOverweightCats.swift */ = {isa = PBXFileReference; lastKnownFileType = sourcecode.swift; path = ManagingOverweightCats.swift; sourceTree = "<group>"; };
		2EBA42ED2C891B6600A8AAA4 /* BrushingAndFurCare.swift */ = {isa = PBXFileReference; lastKnownFileType = sourcecode.swift; path = BrushingAndFurCare.swift; sourceTree = "<group>"; };
		2EBA42EF2C891B7300A8AAA4 /* NailTrimmingTips.swift */ = {isa = PBXFileReference; lastKnownFileType = sourcecode.swift; path = NailTrimmingTips.swift; sourceTree = "<group>"; };
		2EBA42F12C891B7E00A8AAA4 /* MobilityAndJointHealth.swift */ = {isa = PBXFileReference; lastKnownFileType = sourcecode.swift; path = MobilityAndJointHealth.swift; sourceTree = "<group>"; };
		2EBA42F32C891B8200A8AAA4 /* SpecialCare.swift */ = {isa = PBXFileReference; lastKnownFileType = sourcecode.swift; path = SpecialCare.swift; sourceTree = "<group>"; };
/* End PBXFileReference section */

/* Begin PBXFrameworksBuildPhase section */
		2E75BD4D2C787A250012A8CD /* Frameworks */ = {
			isa = PBXFrameworksBuildPhase;
			buildActionMask = 2147483647;
			files = (
			);
			runOnlyForDeploymentPostprocessing = 0;
		};
		2E75BD5D2C787A270012A8CD /* Frameworks */ = {
			isa = PBXFrameworksBuildPhase;
			buildActionMask = 2147483647;
			files = (
			);
			runOnlyForDeploymentPostprocessing = 0;
		};
		2E75BD672C787A270012A8CD /* Frameworks */ = {
			isa = PBXFrameworksBuildPhase;
			buildActionMask = 2147483647;
			files = (
			);
			runOnlyForDeploymentPostprocessing = 0;
		};
/* End PBXFrameworksBuildPhase section */

/* Begin PBXGroup section */
		2E75BD472C787A250012A8CD = {
			isa = PBXGroup;
			children = (
				2E9F60CE2C7C045200A1B715 /* Presets */,
				2E75BD522C787A250012A8CD /* LokmaLives */,
				2E75BD632C787A270012A8CD /* LokmaLivesTests */,
				2E75BD6D2C787A270012A8CD /* LokmaLivesUITests */,
				2E75BD512C787A250012A8CD /* Products */,
			);
			sourceTree = "<group>";
		};
		2E75BD512C787A250012A8CD /* Products */ = {
			isa = PBXGroup;
			children = (
				2E75BD502C787A250012A8CD /* LokmaLives.app */,
				2E75BD602C787A270012A8CD /* LokmaLivesTests.xctest */,
				2E75BD6A2C787A270012A8CD /* LokmaLivesUITests.xctest */,
			);
			name = Products;
			sourceTree = "<group>";
		};
		2E75BD522C787A250012A8CD /* LokmaLives */ = {
			isa = PBXGroup;
			children = (
				2E9F60D72C7D2B1F00A1B715 /* Info.plist */,
				2E75BD532C787A250012A8CD /* LokmaLivesApp.swift */,
				2E9F60CB2C7BFF1D00A1B715 /* MainView.swift */,
				2E75BD8B2C7894F40012A8CD /* MenuButtonViews */,
				2E75BD7F2C78853B0012A8CD /* ButtonView.swift */,
				2E75BD572C787A260012A8CD /* Assets.xcassets */,
				2E9F60D82C7D416B00A1B715 /* Tips */,
				2E75BD592C787A260012A8CD /* Preview Content */,
			);
			path = LokmaLives;
			sourceTree = "<group>";
		};
		2E75BD592C787A260012A8CD /* Preview Content */ = {
			isa = PBXGroup;
			children = (
				2E75BD5A2C787A260012A8CD /* Preview Assets.xcassets */,
			);
			path = "Preview Content";
			sourceTree = "<group>";
		};
		2E75BD632C787A270012A8CD /* LokmaLivesTests */ = {
			isa = PBXGroup;
			children = (
				2E75BD642C787A270012A8CD /* LokmaLivesTests.swift */,
			);
			path = LokmaLivesTests;
			sourceTree = "<group>";
		};
		2E75BD6D2C787A270012A8CD /* LokmaLivesUITests */ = {
			isa = PBXGroup;
			children = (
				2E75BD6E2C787A270012A8CD /* LokmaLivesUITests.swift */,
				2E75BD702C787A270012A8CD /* LokmaLivesUITestsLaunchTests.swift */,
				2E9F60CD2C7BFFCB00A1B715 /* Tests */,
			);
			path = LokmaLivesUITests;
			sourceTree = "<group>";
		};
		2E75BD8B2C7894F40012A8CD /* MenuButtonViews */ = {
			isa = PBXGroup;
			children = (
				2E9F60C92C7BF91000A1B715 /* HomeView.swift */,
				2E75BD852C7894B60012A8CD /* VetVaultView.swift */,
				2E75BD872C7894D10012A8CD /* FindMyCatView.swift */,
				2E75BD892C7894E30012A8CD /* CatCareTipsView.swift */,
			);
			path = MenuButtonViews;
			sourceTree = "<group>";
		};
		2E9F60CD2C7BFFCB00A1B715 /* Tests */ = {
			isa = PBXGroup;
			children = (
				2E75BD552C787A250012A8CD /* MenuView.swift */,
			);
			path = Tests;
			sourceTree = "<group>";
		};
		2E9F60CE2C7C045200A1B715 /* Presets */ = {
			isa = PBXGroup;
			children = (
				2E9F60D32C7D25A700A1B715 /* Raleway-Medium.ttf */,
				2E9F60D12C7D194A00A1B715 /* Raleway-Regular.ttf */,
				2E9F60D52C7D298D00A1B715 /* Raleway-Bold.ttf */,
				2E9F60CF2C7C046900A1B715 /* ImageCarouselView.swift */,
				2E17564C2C7E6A9F00992BA2 /* LocationManager.swift */,
				2EBA42D72C88FBCF00A8AAA4 /* PhotoPicker.swift */,
				2EBA42D92C88FCE600A8AAA4 /* ImagePicker.swift */,
			);
			path = Presets;
			sourceTree = "<group>";
		};
		2E9F60D82C7D416B00A1B715 /* Tips */ = {
			isa = PBXGroup;
			children = (
				2EBA42DB2C8911C900A8AAA4 /* CatCareTipsTemplate.swift */,
				2EBA42DD2C89174900A8AAA4 /* LitterboxPreparing.swift */,
				2EBA42DF2C89179800A8AAA4 /* PrimarySupplies.swift */,
				2EBA42E12C89192800A8AAA4 /* LitterboxSelection.swift */,
				2EBA42E32C8919E500A8AAA4 /* TrainingKitAdu.swift */,
				2EBA42E52C891A4400A8AAA4 /* HandlingPottyAccidents.swift */,
				2EBA42E72C891A8F00A8AAA4 /* ChoosingCatFood.swift */,
				2EBA42E92C891AE700A8AAA4 /* DietaryNeedsByAge.swift */,
				2EBA42EB2C891B2800A8AAA4 /* ManagingOverweightCats.swift */,
				2EBA42ED2C891B6600A8AAA4 /* BrushingAndFurCare.swift */,
				2EBA42EF2C891B7300A8AAA4 /* NailTrimmingTips.swift */,
				2EBA42F12C891B7E00A8AAA4 /* MobilityAndJointHealth.swift */,
				2EBA42F32C891B8200A8AAA4 /* SpecialCare.swift */,
			);
			path = Tips;
			sourceTree = "<group>";
		};
/* End PBXGroup section */

/* Begin PBXNativeTarget section */
		2E75BD4F2C787A250012A8CD /* LokmaLives */ = {
			isa = PBXNativeTarget;
			buildConfigurationList = 2E75BD742C787A270012A8CD /* Build configuration list for PBXNativeTarget "LokmaLives" */;
			buildPhases = (
				2E75BD4C2C787A250012A8CD /* Sources */,
				2E75BD4D2C787A250012A8CD /* Frameworks */,
				2E75BD4E2C787A250012A8CD /* Resources */,
			);
			buildRules = (
			);
			dependencies = (
			);
			name = LokmaLives;
			productName = LokmaLives;
			productReference = 2E75BD502C787A250012A8CD /* LokmaLives.app */;
			productType = "com.apple.product-type.application";
		};
		2E75BD5F2C787A270012A8CD /* LokmaLivesTests */ = {
			isa = PBXNativeTarget;
			buildConfigurationList = 2E75BD772C787A270012A8CD /* Build configuration list for PBXNativeTarget "LokmaLivesTests" */;
			buildPhases = (
				2E75BD5C2C787A270012A8CD /* Sources */,
				2E75BD5D2C787A270012A8CD /* Frameworks */,
				2E75BD5E2C787A270012A8CD /* Resources */,
			);
			buildRules = (
			);
			dependencies = (
				2E75BD622C787A270012A8CD /* PBXTargetDependency */,
			);
			name = LokmaLivesTests;
			productName = LokmaLivesTests;
			productReference = 2E75BD602C787A270012A8CD /* LokmaLivesTests.xctest */;
			productType = "com.apple.product-type.bundle.unit-test";
		};
		2E75BD692C787A270012A8CD /* LokmaLivesUITests */ = {
			isa = PBXNativeTarget;
			buildConfigurationList = 2E75BD7A2C787A270012A8CD /* Build configuration list for PBXNativeTarget "LokmaLivesUITests" */;
			buildPhases = (
				2E75BD662C787A270012A8CD /* Sources */,
				2E75BD672C787A270012A8CD /* Frameworks */,
				2E75BD682C787A270012A8CD /* Resources */,
			);
			buildRules = (
			);
			dependencies = (
				2E75BD6C2C787A270012A8CD /* PBXTargetDependency */,
			);
			name = LokmaLivesUITests;
			productName = LokmaLivesUITests;
			productReference = 2E75BD6A2C787A270012A8CD /* LokmaLivesUITests.xctest */;
			productType = "com.apple.product-type.bundle.ui-testing";
		};
/* End PBXNativeTarget section */

/* Begin PBXProject section */
		2E75BD482C787A250012A8CD /* Project object */ = {
			isa = PBXProject;
			attributes = {
				BuildIndependentTargetsInParallel = 1;
				LastSwiftUpdateCheck = 1540;
				LastUpgradeCheck = 1540;
				TargetAttributes = {
					2E75BD4F2C787A250012A8CD = {
						CreatedOnToolsVersion = 15.4;
					};
					2E75BD5F2C787A270012A8CD = {
						CreatedOnToolsVersion = 15.4;
						TestTargetID = 2E75BD4F2C787A250012A8CD;
					};
					2E75BD692C787A270012A8CD = {
						CreatedOnToolsVersion = 15.4;
						TestTargetID = 2E75BD4F2C787A250012A8CD;
					};
				};
			};
			buildConfigurationList = 2E75BD4B2C787A250012A8CD /* Build configuration list for PBXProject "LokmaLives" */;
			compatibilityVersion = "Xcode 14.0";
			developmentRegion = en;
			hasScannedForEncodings = 0;
			knownRegions = (
				en,
				Base,
			);
			mainGroup = 2E75BD472C787A250012A8CD;
			productRefGroup = 2E75BD512C787A250012A8CD /* Products */;
			projectDirPath = "";
			projectRoot = "";
			targets = (
				2E75BD4F2C787A250012A8CD /* LokmaLives */,
				2E75BD5F2C787A270012A8CD /* LokmaLivesTests */,
				2E75BD692C787A270012A8CD /* LokmaLivesUITests */,
			);
		};
/* End PBXProject section */

/* Begin PBXResourcesBuildPhase section */
		2E75BD4E2C787A250012A8CD /* Resources */ = {
			isa = PBXResourcesBuildPhase;
			buildActionMask = 2147483647;
			files = (
				2E75BD5B2C787A260012A8CD /* Preview Assets.xcassets in Resources */,
				2E9F60D42C7D25A700A1B715 /* Raleway-Medium.ttf in Resources */,
				2E9F60D22C7D195600A1B715 /* Raleway-Regular.ttf in Resources */,
				2E9F60D62C7D298D00A1B715 /* Raleway-Bold.ttf in Resources */,
				2E75BD582C787A260012A8CD /* Assets.xcassets in Resources */,
			);
			runOnlyForDeploymentPostprocessing = 0;
		};
		2E75BD5E2C787A270012A8CD /* Resources */ = {
			isa = PBXResourcesBuildPhase;
			buildActionMask = 2147483647;
			files = (
			);
			runOnlyForDeploymentPostprocessing = 0;
		};
		2E75BD682C787A270012A8CD /* Resources */ = {
			isa = PBXResourcesBuildPhase;
			buildActionMask = 2147483647;
			files = (
			);
			runOnlyForDeploymentPostprocessing = 0;
		};
/* End PBXResourcesBuildPhase section */

/* Begin PBXSourcesBuildPhase section */
		2E75BD4C2C787A250012A8CD /* Sources */ = {
			isa = PBXSourcesBuildPhase;
			buildActionMask = 2147483647;
			files = (
				2E75BD562C787A250012A8CD /* MenuView.swift in Sources */,
				2EBA42F42C891B8200A8AAA4 /* SpecialCare.swift in Sources */,
				2EBA42E02C89179800A8AAA4 /* PrimarySupplies.swift in Sources */,
				2EBA42E22C89192800A8AAA4 /* LitterboxSelection.swift in Sources */,
				2EBA42EA2C891AE700A8AAA4 /* DietaryNeedsByAge.swift in Sources */,
				2EBA42D82C88FBCF00A8AAA4 /* PhotoPicker.swift in Sources */,
				2EBA42F22C891B7E00A8AAA4 /* MobilityAndJointHealth.swift in Sources */,
				2E9F60CC2C7BFF1D00A1B715 /* MainView.swift in Sources */,
				2E17564D2C7E6A9F00992BA2 /* LocationManager.swift in Sources */,
				2E75BD542C787A250012A8CD /* LokmaLivesApp.swift in Sources */,
				2E75BD802C78853B0012A8CD /* ButtonView.swift in Sources */,
				2EBA42EC2C891B2800A8AAA4 /* ManagingOverweightCats.swift in Sources */,
				2E75BD862C7894B60012A8CD /* VetVaultView.swift in Sources */,
				2EBA42E82C891A8F00A8AAA4 /* ChoosingCatFood.swift in Sources */,
				2EBA42F02C891B7300A8AAA4 /* NailTrimmingTips.swift in Sources */,
				2EBA42DC2C8911C900A8AAA4 /* CatCareTipsTemplate.swift in Sources */,
				2EBA42DE2C89174900A8AAA4 /* LitterboxPreparing.swift in Sources */,
				2E9F60CA2C7BF91000A1B715 /* HomeView.swift in Sources */,
				2EBA42E42C8919E500A8AAA4 /* TrainingKitAdu.swift in Sources */,
				2E9F60D02C7C046900A1B715 /* ImageCarouselView.swift in Sources */,
				2EBA42E62C891A4400A8AAA4 /* HandlingPottyAccidents.swift in Sources */,
				2EBA42DA2C88FCE600A8AAA4 /* ImagePicker.swift in Sources */,
				2E75BD8A2C7894E30012A8CD /* CatCareTipsView.swift in Sources */,
				2EBA42EE2C891B6600A8AAA4 /* BrushingAndFurCare.swift in Sources */,
				2E75BD882C7894D10012A8CD /* FindMyCatView.swift in Sources */,
			);
			runOnlyForDeploymentPostprocessing = 0;
		};
		2E75BD5C2C787A270012A8CD /* Sources */ = {
			isa = PBXSourcesBuildPhase;
			buildActionMask = 2147483647;
			files = (
				2E75BD652C787A270012A8CD /* LokmaLivesTests.swift in Sources */,
			);
			runOnlyForDeploymentPostprocessing = 0;
		};
		2E75BD662C787A270012A8CD /* Sources */ = {
			isa = PBXSourcesBuildPhase;
			buildActionMask = 2147483647;
			files = (
				2E75BD6F2C787A270012A8CD /* LokmaLivesUITests.swift in Sources */,
				2E75BD712C787A270012A8CD /* LokmaLivesUITestsLaunchTests.swift in Sources */,
			);
			runOnlyForDeploymentPostprocessing = 0;
		};
/* End PBXSourcesBuildPhase section */

/* Begin PBXTargetDependency section */
		2E75BD622C787A270012A8CD /* PBXTargetDependency */ = {
			isa = PBXTargetDependency;
			target = 2E75BD4F2C787A250012A8CD /* LokmaLives */;
			targetProxy = 2E75BD612C787A270012A8CD /* PBXContainerItemProxy */;
		};
		2E75BD6C2C787A270012A8CD /* PBXTargetDependency */ = {
			isa = PBXTargetDependency;
			target = 2E75BD4F2C787A250012A8CD /* LokmaLives */;
			targetProxy = 2E75BD6B2C787A270012A8CD /* PBXContainerItemProxy */;
		};
/* End PBXTargetDependency section */

/* Begin XCBuildConfiguration section */
		2E75BD722C787A270012A8CD /* Debug */ = {
			isa = XCBuildConfiguration;
			buildSettings = {
				ALWAYS_SEARCH_USER_PATHS = NO;
				ASSETCATALOG_COMPILER_GENERATE_SWIFT_ASSET_SYMBOL_EXTENSIONS = YES;
				CLANG_ANALYZER_NONNULL = YES;
				CLANG_ANALYZER_NUMBER_OBJECT_CONVERSION = YES_AGGRESSIVE;
				CLANG_CXX_LANGUAGE_STANDARD = "gnu++20";
				CLANG_ENABLE_MODULES = YES;
				CLANG_ENABLE_OBJC_ARC = YES;
				CLANG_ENABLE_OBJC_WEAK = YES;
				CLANG_WARN_BLOCK_CAPTURE_AUTORELEASING = YES;
				CLANG_WARN_BOOL_CONVERSION = YES;
				CLANG_WARN_COMMA = YES;
				CLANG_WARN_CONSTANT_CONVERSION = YES;
				CLANG_WARN_DEPRECATED_OBJC_IMPLEMENTATIONS = YES;
				CLANG_WARN_DIRECT_OBJC_ISA_USAGE = YES_ERROR;
				CLANG_WARN_DOCUMENTATION_COMMENTS = YES;
				CLANG_WARN_EMPTY_BODY = YES;
				CLANG_WARN_ENUM_CONVERSION = YES;
				CLANG_WARN_INFINITE_RECURSION = YES;
				CLANG_WARN_INT_CONVERSION = YES;
				CLANG_WARN_NON_LITERAL_NULL_CONVERSION = YES;
				CLANG_WARN_OBJC_IMPLICIT_RETAIN_SELF = YES;
				CLANG_WARN_OBJC_LITERAL_CONVERSION = YES;
				CLANG_WARN_OBJC_ROOT_CLASS = YES_ERROR;
				CLANG_WARN_QUOTED_INCLUDE_IN_FRAMEWORK_HEADER = YES;
				CLANG_WARN_RANGE_LOOP_ANALYSIS = YES;
				CLANG_WARN_STRICT_PROTOTYPES = YES;
				CLANG_WARN_SUSPICIOUS_MOVE = YES;
				CLANG_WARN_UNGUARDED_AVAILABILITY = YES_AGGRESSIVE;
				CLANG_WARN_UNREACHABLE_CODE = YES;
				CLANG_WARN__DUPLICATE_METHOD_MATCH = YES;
				COPY_PHASE_STRIP = NO;
				DEBUG_INFORMATION_FORMAT = dwarf;
				ENABLE_STRICT_OBJC_MSGSEND = YES;
				ENABLE_TESTABILITY = YES;
				ENABLE_USER_SCRIPT_SANDBOXING = YES;
				GCC_C_LANGUAGE_STANDARD = gnu17;
				GCC_DYNAMIC_NO_PIC = NO;
				GCC_NO_COMMON_BLOCKS = YES;
				GCC_OPTIMIZATION_LEVEL = 0;
				GCC_PREPROCESSOR_DEFINITIONS = (
					"DEBUG=1",
					"$(inherited)",
				);
				GCC_WARN_64_TO_32_BIT_CONVERSION = YES;
				GCC_WARN_ABOUT_RETURN_TYPE = YES_ERROR;
				GCC_WARN_UNDECLARED_SELECTOR = YES;
				GCC_WARN_UNINITIALIZED_AUTOS = YES_AGGRESSIVE;
				GCC_WARN_UNUSED_FUNCTION = YES;
				GCC_WARN_UNUSED_VARIABLE = YES;
				IPHONEOS_DEPLOYMENT_TARGET = 17.5;
				LOCALIZATION_PREFERS_STRING_CATALOGS = YES;
				MTL_ENABLE_DEBUG_INFO = INCLUDE_SOURCE;
				MTL_FAST_MATH = YES;
				ONLY_ACTIVE_ARCH = YES;
				SDKROOT = iphoneos;
				SWIFT_ACTIVE_COMPILATION_CONDITIONS = "DEBUG $(inherited)";
				SWIFT_OPTIMIZATION_LEVEL = "-Onone";
			};
			name = Debug;
		};
		2E75BD732C787A270012A8CD /* Release */ = {
			isa = XCBuildConfiguration;
			buildSettings = {
				ALWAYS_SEARCH_USER_PATHS = NO;
				ASSETCATALOG_COMPILER_GENERATE_SWIFT_ASSET_SYMBOL_EXTENSIONS = YES;
				CLANG_ANALYZER_NONNULL = YES;
				CLANG_ANALYZER_NUMBER_OBJECT_CONVERSION = YES_AGGRESSIVE;
				CLANG_CXX_LANGUAGE_STANDARD = "gnu++20";
				CLANG_ENABLE_MODULES = YES;
				CLANG_ENABLE_OBJC_ARC = YES;
				CLANG_ENABLE_OBJC_WEAK = YES;
				CLANG_WARN_BLOCK_CAPTURE_AUTORELEASING = YES;
				CLANG_WARN_BOOL_CONVERSION = YES;
				CLANG_WARN_COMMA = YES;
				CLANG_WARN_CONSTANT_CONVERSION = YES;
				CLANG_WARN_DEPRECATED_OBJC_IMPLEMENTATIONS = YES;
				CLANG_WARN_DIRECT_OBJC_ISA_USAGE = YES_ERROR;
				CLANG_WARN_DOCUMENTATION_COMMENTS = YES;
				CLANG_WARN_EMPTY_BODY = YES;
				CLANG_WARN_ENUM_CONVERSION = YES;
				CLANG_WARN_INFINITE_RECURSION = YES;
				CLANG_WARN_INT_CONVERSION = YES;
				CLANG_WARN_NON_LITERAL_NULL_CONVERSION = YES;
				CLANG_WARN_OBJC_IMPLICIT_RETAIN_SELF = YES;
				CLANG_WARN_OBJC_LITERAL_CONVERSION = YES;
				CLANG_WARN_OBJC_ROOT_CLASS = YES_ERROR;
				CLANG_WARN_QUOTED_INCLUDE_IN_FRAMEWORK_HEADER = YES;
				CLANG_WARN_RANGE_LOOP_ANALYSIS = YES;
				CLANG_WARN_STRICT_PROTOTYPES = YES;
				CLANG_WARN_SUSPICIOUS_MOVE = YES;
				CLANG_WARN_UNGUARDED_AVAILABILITY = YES_AGGRESSIVE;
				CLANG_WARN_UNREACHABLE_CODE = YES;
				CLANG_WARN__DUPLICATE_METHOD_MATCH = YES;
				COPY_PHASE_STRIP = NO;
				DEBUG_INFORMATION_FORMAT = "dwarf-with-dsym";
				ENABLE_NS_ASSERTIONS = NO;
				ENABLE_STRICT_OBJC_MSGSEND = YES;
				ENABLE_USER_SCRIPT_SANDBOXING = YES;
				GCC_C_LANGUAGE_STANDARD = gnu17;
				GCC_NO_COMMON_BLOCKS = YES;
				GCC_WARN_64_TO_32_BIT_CONVERSION = YES;
				GCC_WARN_ABOUT_RETURN_TYPE = YES_ERROR;
				GCC_WARN_UNDECLARED_SELECTOR = YES;
				GCC_WARN_UNINITIALIZED_AUTOS = YES_AGGRESSIVE;
				GCC_WARN_UNUSED_FUNCTION = YES;
				GCC_WARN_UNUSED_VARIABLE = YES;
				IPHONEOS_DEPLOYMENT_TARGET = 17.5;
				LOCALIZATION_PREFERS_STRING_CATALOGS = YES;
				MTL_ENABLE_DEBUG_INFO = NO;
				MTL_FAST_MATH = YES;
				SDKROOT = iphoneos;
				SWIFT_COMPILATION_MODE = wholemodule;
				VALIDATE_PRODUCT = YES;
			};
			name = Release;
		};
		2E75BD752C787A270012A8CD /* Debug */ = {
			isa = XCBuildConfiguration;
			buildSettings = {
				ASSETCATALOG_COMPILER_APPICON_NAME = AppIcon;
				ASSETCATALOG_COMPILER_GLOBAL_ACCENT_COLOR_NAME = AccentColor;
				CODE_SIGN_STYLE = Automatic;
				CURRENT_PROJECT_VERSION = 1;
				DEVELOPMENT_ASSET_PATHS = "\"LokmaLives/Preview Content\"";
				DEVELOPMENT_TEAM = EB2GVA2QCU;
				ENABLE_PREVIEWS = YES;
				GENERATE_INFOPLIST_FILE = YES;
				INFOPLIST_FILE = LokmaLives/Info.plist;
				INFOPLIST_KEY_CFBundleDisplayName = "Cat Card";
				INFOPLIST_KEY_NSLocationWhenInUseUsageDescription = "";
				INFOPLIST_KEY_UIApplicationSceneManifest_Generation = YES;
				INFOPLIST_KEY_UIApplicationSupportsIndirectInputEvents = YES;
				INFOPLIST_KEY_UILaunchScreen_Generation = YES;
				INFOPLIST_KEY_UISupportedInterfaceOrientations_iPad = "UIInterfaceOrientationPortrait UIInterfaceOrientationPortraitUpsideDown UIInterfaceOrientationLandscapeLeft UIInterfaceOrientationLandscapeRight";
				INFOPLIST_KEY_UISupportedInterfaceOrientations_iPhone = "UIInterfaceOrientationPortrait UIInterfaceOrientationLandscapeLeft UIInterfaceOrientationLandscapeRight";
				LD_RUNPATH_SEARCH_PATHS = (
					"$(inherited)",
					"@executable_path/Frameworks",
				);
				MARKETING_VERSION = 1.0;
				PRODUCT_BUNDLE_IDENTIFIER = NA.LokmaLives;
				PRODUCT_NAME = "$(TARGET_NAME)";
				SWIFT_EMIT_LOC_STRINGS = YES;
				SWIFT_VERSION = 5.0;
				TARGETED_DEVICE_FAMILY = "1,2";
			};
			name = Debug;
		};
		2E75BD762C787A270012A8CD /* Release */ = {
			isa = XCBuildConfiguration;
			buildSettings = {
				ASSETCATALOG_COMPILER_APPICON_NAME = AppIcon;
				ASSETCATALOG_COMPILER_GLOBAL_ACCENT_COLOR_NAME = AccentColor;
				CODE_SIGN_STYLE = Automatic;
				CURRENT_PROJECT_VERSION = 1;
				DEVELOPMENT_ASSET_PATHS = "\"LokmaLives/Preview Content\"";
				DEVELOPMENT_TEAM = EB2GVA2QCU;
				ENABLE_PREVIEWS = YES;
				GENERATE_INFOPLIST_FILE = YES;
				INFOPLIST_FILE = LokmaLives/Info.plist;
				INFOPLIST_KEY_CFBundleDisplayName = "Cat Card";
				INFOPLIST_KEY_NSLocationWhenInUseUsageDescription = "";
				INFOPLIST_KEY_UIApplicationSceneManifest_Generation = YES;
				INFOPLIST_KEY_UIApplicationSupportsIndirectInputEvents = YES;
				INFOPLIST_KEY_UILaunchScreen_Generation = YES;
				INFOPLIST_KEY_UISupportedInterfaceOrientations_iPad = "UIInterfaceOrientationPortrait UIInterfaceOrientationPortraitUpsideDown UIInterfaceOrientationLandscapeLeft UIInterfaceOrientationLandscapeRight";
				INFOPLIST_KEY_UISupportedInterfaceOrientations_iPhone = "UIInterfaceOrientationPortrait UIInterfaceOrientationLandscapeLeft UIInterfaceOrientationLandscapeRight";
				LD_RUNPATH_SEARCH_PATHS = (
					"$(inherited)",
					"@executable_path/Frameworks",
				);
				MARKETING_VERSION = 1.0;
				PRODUCT_BUNDLE_IDENTIFIER = NA.LokmaLives;
				PRODUCT_NAME = "$(TARGET_NAME)";
				SWIFT_EMIT_LOC_STRINGS = YES;
				SWIFT_VERSION = 5.0;
				TARGETED_DEVICE_FAMILY = "1,2";
			};
			name = Release;
		};
		2E75BD782C787A270012A8CD /* Debug */ = {
			isa = XCBuildConfiguration;
			buildSettings = {
				ALWAYS_EMBED_SWIFT_STANDARD_LIBRARIES = YES;
				BUNDLE_LOADER = "$(TEST_HOST)";
				CODE_SIGN_STYLE = Automatic;
				CURRENT_PROJECT_VERSION = 1;
				DEVELOPMENT_TEAM = EB2GVA2QCU;
				GENERATE_INFOPLIST_FILE = YES;
				IPHONEOS_DEPLOYMENT_TARGET = 17.5;
				MARKETING_VERSION = 1.0;
				PRODUCT_BUNDLE_IDENTIFIER = NA.LokmaLivesTests;
				PRODUCT_NAME = "$(TARGET_NAME)";
				SWIFT_EMIT_LOC_STRINGS = NO;
				SWIFT_VERSION = 5.0;
				TARGETED_DEVICE_FAMILY = "1,2";
				TEST_HOST = "$(BUILT_PRODUCTS_DIR)/LokmaLives.app/$(BUNDLE_EXECUTABLE_FOLDER_PATH)/LokmaLives";
			};
			name = Debug;
		};
		2E75BD792C787A270012A8CD /* Release */ = {
			isa = XCBuildConfiguration;
			buildSettings = {
				ALWAYS_EMBED_SWIFT_STANDARD_LIBRARIES = YES;
				BUNDLE_LOADER = "$(TEST_HOST)";
				CODE_SIGN_STYLE = Automatic;
				CURRENT_PROJECT_VERSION = 1;
				DEVELOPMENT_TEAM = EB2GVA2QCU;
				GENERATE_INFOPLIST_FILE = YES;
				IPHONEOS_DEPLOYMENT_TARGET = 17.5;
				MARKETING_VERSION = 1.0;
				PRODUCT_BUNDLE_IDENTIFIER = NA.LokmaLivesTests;
				PRODUCT_NAME = "$(TARGET_NAME)";
				SWIFT_EMIT_LOC_STRINGS = NO;
				SWIFT_VERSION = 5.0;
				TARGETED_DEVICE_FAMILY = "1,2";
				TEST_HOST = "$(BUILT_PRODUCTS_DIR)/LokmaLives.app/$(BUNDLE_EXECUTABLE_FOLDER_PATH)/LokmaLives";
			};
			name = Release;
		};
		2E75BD7B2C787A270012A8CD /* Debug */ = {
			isa = XCBuildConfiguration;
			buildSettings = {
				ALWAYS_EMBED_SWIFT_STANDARD_LIBRARIES = YES;
				CODE_SIGN_STYLE = Automatic;
				CURRENT_PROJECT_VERSION = 1;
				DEVELOPMENT_TEAM = EB2GVA2QCU;
				GENERATE_INFOPLIST_FILE = YES;
				MARKETING_VERSION = 1.0;
				PRODUCT_BUNDLE_IDENTIFIER = NA.LokmaLivesUITests;
				PRODUCT_NAME = "$(TARGET_NAME)";
				SWIFT_EMIT_LOC_STRINGS = NO;
				SWIFT_VERSION = 5.0;
				TARGETED_DEVICE_FAMILY = "1,2";
				TEST_TARGET_NAME = LokmaLives;
			};
			name = Debug;
		};
		2E75BD7C2C787A270012A8CD /* Release */ = {
			isa = XCBuildConfiguration;
			buildSettings = {
				ALWAYS_EMBED_SWIFT_STANDARD_LIBRARIES = YES;
				CODE_SIGN_STYLE = Automatic;
				CURRENT_PROJECT_VERSION = 1;
				DEVELOPMENT_TEAM = EB2GVA2QCU;
				GENERATE_INFOPLIST_FILE = YES;
				MARKETING_VERSION = 1.0;
				PRODUCT_BUNDLE_IDENTIFIER = NA.LokmaLivesUITests;
				PRODUCT_NAME = "$(TARGET_NAME)";
				SWIFT_EMIT_LOC_STRINGS = NO;
				SWIFT_VERSION = 5.0;
				TARGETED_DEVICE_FAMILY = "1,2";
				TEST_TARGET_NAME = LokmaLives;
			};
			name = Release;
		};
/* End XCBuildConfiguration section */

/* Begin XCConfigurationList section */
		2E75BD4B2C787A250012A8CD /* Build configuration list for PBXProject "LokmaLives" */ = {
			isa = XCConfigurationList;
			buildConfigurations = (
				2E75BD722C787A270012A8CD /* Debug */,
				2E75BD732C787A270012A8CD /* Release */,
			);
			defaultConfigurationIsVisible = 0;
			defaultConfigurationName = Release;
		};
		2E75BD742C787A270012A8CD /* Build configuration list for PBXNativeTarget "LokmaLives" */ = {
			isa = XCConfigurationList;
			buildConfigurations = (
				2E75BD752C787A270012A8CD /* Debug */,
				2E75BD762C787A270012A8CD /* Release */,
			);
			defaultConfigurationIsVisible = 0;
			defaultConfigurationName = Release;
		};
		2E75BD772C787A270012A8CD /* Build configuration list for PBXNativeTarget "LokmaLivesTests" */ = {
			isa = XCConfigurationList;
			buildConfigurations = (
				2E75BD782C787A270012A8CD /* Debug */,
				2E75BD792C787A270012A8CD /* Release */,
			);
			defaultConfigurationIsVisible = 0;
			defaultConfigurationName = Release;
		};
		2E75BD7A2C787A270012A8CD /* Build configuration list for PBXNativeTarget "LokmaLivesUITests" */ = {
			isa = XCConfigurationList;
			buildConfigurations = (
				2E75BD7B2C787A270012A8CD /* Debug */,
				2E75BD7C2C787A270012A8CD /* Release */,
			);
			defaultConfigurationIsVisible = 0;
			defaultConfigurationName = Release;
		};
/* End XCConfigurationList section */
	};
	rootObject = 2E75BD482C787A250012A8CD /* Project object */;
}
